
Microsoft Visual Studio Solution File, Format Version 12.00
# Visual Studio Version 17
VisualStudioVersion = 17.9.34607.119
MinimumVisualStudioVersion = 10.0.40219.1
Project("{FAE04EC0-301F-11D3-BF4B-00C04F79EFBC}") = "dotnet-tasks", "dotnet-tasks\dotnet-tasks.csproj", "{B5D5CF5E-BC56-4D44-8B96-41B66AF97136}"
EndProject
Global
	GlobalSection(SolutionConfigurationPlatforms) = preSolution
		Debug|Any CPU = Debug|Any CPU
		Release|Any CPU = Release|Any CPU
	EndGlobalSection
	GlobalSection(ProjectConfigurationPlatforms) = postSolution
		{B5D5CF5E-BC56-4D44-8B96-41B66AF97136}.Debug|Any CPU.ActiveCfg = Debug|Any CPU
		{B5D5CF5E-BC56-4D44-8B96-41B66AF97136}.Debug|Any CPU.Build.0 = Debug|Any CPU
		{B5D5CF5E-BC56-4D44-8B96-41B66AF97136}.Release|Any CPU.ActiveCfg = Release|Any CPU
		{B5D5CF5E-BC56-4D44-8B96-41B66AF97136}.Release|Any CPU.Build.0 = Release|Any CPU
	EndGlobalSection
	GlobalSection(SolutionProperties) = preSolution
		HideSolutionNode = FALSE
	EndGlobalSection
	GlobalSection(ExtensibilityGlobals) = postSolution
		SolutionGuid = {8144A504-306E-439C-9CA3-1402330F29E6}
	EndGlobalSection
EndGlobal
